
Microsoft Visual Studio Solution File, Format Version 12.00
# Visual Studio Version 17
VisualStudioVersion = 17.11.35327.3
MinimumVisualStudioVersion = 10.0.40219.1
Project("{FAE04EC0-301F-11D3-BF4B-00C04F79EFBC}") = "CrazyMusiciansAPI", "CrazyMusiciansAPI\CrazyMusiciansAPI.csproj", "{79659FE5-D3F9-4690-860A-A0CE1E9B0203}"
EndProject
Global
	GlobalSection(SolutionConfigurationPlatforms) = preSolution
		Debug|Any CPU = Debug|Any CPU
		Release|Any CPU = Release|Any CPU
	EndGlobalSection
	GlobalSection(ProjectConfigurationPlatforms) = postSolution
		{79659FE5-D3F9-4690-860A-A0CE1E9B0203}.Debug|Any CPU.ActiveCfg = Debug|Any CPU
		{79659FE5-D3F9-4690-860A-A0CE1E9B0203}.Debug|Any CPU.Build.0 = Debug|Any CPU
		{79659FE5-D3F9-4690-860A-A0CE1E9B0203}.Release|Any CPU.ActiveCfg = Release|Any CPU
		{79659FE5-D3F9-4690-860A-A0CE1E9B0203}.Release|Any CPU.Build.0 = Release|Any CPU
	EndGlobalSection
	GlobalSection(SolutionProperties) = preSolution
		HideSolutionNode = FALSE
	EndGlobalSection
	GlobalSection(ExtensibilityGlobals) = postSolution
		SolutionGuid = {43D23531-03E9-43AC-ADEC-89D277548B46}
	EndGlobalSection
EndGlobal
