
Microsoft Visual Studio Solution File, Format Version 12.00
# Visual Studio Version 17
VisualStudioVersion = 17.11.35327.3
MinimumVisualStudioVersion = 10.0.40219.1
Project("{2150E333-8FDC-42A3-9474-1A3956D46DE8}") = "cohort7", "cohort7", "{E23F1B0C-53AA-4A73-BA4C-A90A57059A52}"
EndProject
Project("{FAE04EC0-301F-11D3-BF4B-00C04F79EFBC}") = "LambdaExp", "cohort7\LambdaExp\LambdaExp.csproj", "{826ABE30-E971-451A-A82B-25AFBB602B6D}"
EndProject
Project("{FAE04EC0-301F-11D3-BF4B-00C04F79EFBC}") = "PratikLinq", "cohort7\PratikLinq\PratikLinq.csproj", "{359D341B-A9A4-4E46-9810-F0D074B97911}"
EndProject
Project("{FAE04EC0-301F-11D3-BF4B-00C04F79EFBC}") = "Linq", "cohort7\Linq\Linq.csproj", "{3EEF894B-C4A7-43CC-AA0E-DFBA71F3AABE}"
EndProject
Project("{FAE04EC0-301F-11D3-BF4B-00C04F79EFBC}") = "LambdaExpV", "cohort7\LambdaExpV\LambdaExpV.csproj", "{35920081-7C1D-4187-B1DD-2053F01AC1F6}"
EndProject
Project("{FAE04EC0-301F-11D3-BF4B-00C04F79EFBC}") = "LinqGiris", "cohort7\LinqGiris\LinqGiris.csproj", "{66A3B9C3-E104-469D-A667-A9B0F4104BDF}"
EndProject
Project("{FAE04EC0-301F-11D3-BF4B-00C04F79EFBC}") = "LinqBasicQueryV", "cohort7\LinqBasicQueryV\LinqBasicQueryV.csproj", "{2885EA9A-71D2-4E29-BF0C-9B0F68F5F925}"
EndProject
Project("{FAE04EC0-301F-11D3-BF4B-00C04F79EFBC}") = "PratikPatikafyMüzikPlatform", "cohort7\PratikPatikafyMüzikPlatform\PratikPatikafyMüzikPlatform.csproj", "{0557211A-945E-4F97-BD31-85EF24DBE978}"
EndProject
Global
	GlobalSection(SolutionConfigurationPlatforms) = preSolution
		Debug|Any CPU = Debug|Any CPU
		Release|Any CPU = Release|Any CPU
	EndGlobalSection
	GlobalSection(ProjectConfigurationPlatforms) = postSolution
		{826ABE30-E971-451A-A82B-25AFBB602B6D}.Debug|Any CPU.ActiveCfg = Debug|Any CPU
		{826ABE30-E971-451A-A82B-25AFBB602B6D}.Debug|Any CPU.Build.0 = Debug|Any CPU
		{826ABE30-E971-451A-A82B-25AFBB602B6D}.Release|Any CPU.ActiveCfg = Release|Any CPU
		{826ABE30-E971-451A-A82B-25AFBB602B6D}.Release|Any CPU.Build.0 = Release|Any CPU
		{359D341B-A9A4-4E46-9810-F0D074B97911}.Debug|Any CPU.ActiveCfg = Debug|Any CPU
		{359D341B-A9A4-4E46-9810-F0D074B97911}.Debug|Any CPU.Build.0 = Debug|Any CPU
		{359D341B-A9A4-4E46-9810-F0D074B97911}.Release|Any CPU.ActiveCfg = Release|Any CPU
		{359D341B-A9A4-4E46-9810-F0D074B97911}.Release|Any CPU.Build.0 = Release|Any CPU
		{3EEF894B-C4A7-43CC-AA0E-DFBA71F3AABE}.Debug|Any CPU.ActiveCfg = Debug|Any CPU
		{3EEF894B-C4A7-43CC-AA0E-DFBA71F3AABE}.Debug|Any CPU.Build.0 = Debug|Any CPU
		{3EEF894B-C4A7-43CC-AA0E-DFBA71F3AABE}.Release|Any CPU.ActiveCfg = Release|Any CPU
		{3EEF894B-C4A7-43CC-AA0E-DFBA71F3AABE}.Release|Any CPU.Build.0 = Release|Any CPU
		{35920081-7C1D-4187-B1DD-2053F01AC1F6}.Debug|Any CPU.ActiveCfg = Debug|Any CPU
		{35920081-7C1D-4187-B1DD-2053F01AC1F6}.Debug|Any CPU.Build.0 = Debug|Any CPU
		{35920081-7C1D-4187-B1DD-2053F01AC1F6}.Release|Any CPU.ActiveCfg = Release|Any CPU
		{35920081-7C1D-4187-B1DD-2053F01AC1F6}.Release|Any CPU.Build.0 = Release|Any CPU
		{66A3B9C3-E104-469D-A667-A9B0F4104BDF}.Debug|Any CPU.ActiveCfg = Debug|Any CPU
		{66A3B9C3-E104-469D-A667-A9B0F4104BDF}.Debug|Any CPU.Build.0 = Debug|Any CPU
		{66A3B9C3-E104-469D-A667-A9B0F4104BDF}.Release|Any CPU.ActiveCfg = Release|Any CPU
		{66A3B9C3-E104-469D-A667-A9B0F4104BDF}.Release|Any CPU.Build.0 = Release|Any CPU
		{2885EA9A-71D2-4E29-BF0C-9B0F68F5F925}.Debug|Any CPU.ActiveCfg = Debug|Any CPU
		{2885EA9A-71D2-4E29-BF0C-9B0F68F5F925}.Debug|Any CPU.Build.0 = Debug|Any CPU
		{2885EA9A-71D2-4E29-BF0C-9B0F68F5F925}.Release|Any CPU.ActiveCfg = Release|Any CPU
		{2885EA9A-71D2-4E29-BF0C-9B0F68F5F925}.Release|Any CPU.Build.0 = Release|Any CPU
		{0557211A-945E-4F97-BD31-85EF24DBE978}.Debug|Any CPU.ActiveCfg = Debug|Any CPU
		{0557211A-945E-4F97-BD31-85EF24DBE978}.Debug|Any CPU.Build.0 = Debug|Any CPU
		{0557211A-945E-4F97-BD31-85EF24DBE978}.Release|Any CPU.ActiveCfg = Release|Any CPU
		{0557211A-945E-4F97-BD31-85EF24DBE978}.Release|Any CPU.Build.0 = Release|Any CPU
	EndGlobalSection
	GlobalSection(SolutionProperties) = preSolution
		HideSolutionNode = FALSE
	EndGlobalSection
	GlobalSection(NestedProjects) = preSolution
		{826ABE30-E971-451A-A82B-25AFBB602B6D} = {E23F1B0C-53AA-4A73-BA4C-A90A57059A52}
		{359D341B-A9A4-4E46-9810-F0D074B97911} = {E23F1B0C-53AA-4A73-BA4C-A90A57059A52}
		{3EEF894B-C4A7-43CC-AA0E-DFBA71F3AABE} = {E23F1B0C-53AA-4A73-BA4C-A90A57059A52}
		{35920081-7C1D-4187-B1DD-2053F01AC1F6} = {E23F1B0C-53AA-4A73-BA4C-A90A57059A52}
		{66A3B9C3-E104-469D-A667-A9B0F4104BDF} = {E23F1B0C-53AA-4A73-BA4C-A90A57059A52}
		{2885EA9A-71D2-4E29-BF0C-9B0F68F5F925} = {E23F1B0C-53AA-4A73-BA4C-A90A57059A52}
		{0557211A-945E-4F97-BD31-85EF24DBE978} = {E23F1B0C-53AA-4A73-BA4C-A90A57059A52}
	EndGlobalSection
	GlobalSection(ExtensibilityGlobals) = postSolution
		SolutionGuid = {45B4CACA-9C7A-49B4-AC4A-DC7BD6292A5F}
	EndGlobalSection
EndGlobal
