
Microsoft Visual Studio Solution File, Format Version 12.00
# Visual Studio Version 17
VisualStudioVersion = 17.11.35312.102
MinimumVisualStudioVersion = 10.0.40219.1
Project("{FAE04EC0-301F-11D3-BF4B-00C04F79EFBC}") = "odev1", "odev1\odev1.csproj", "{033A00EA-22DC-4D4A-A8A5-CA386BCA56D4}"
EndProject
Global
	GlobalSection(SolutionConfigurationPlatforms) = preSolution
		Debug|Any CPU = Debug|Any CPU
		Release|Any CPU = Release|Any CPU
	EndGlobalSection
	GlobalSection(ProjectConfigurationPlatforms) = postSolution
		{033A00EA-22DC-4D4A-A8A5-CA386BCA56D4}.Debug|Any CPU.ActiveCfg = Debug|Any CPU
		{033A00EA-22DC-4D4A-A8A5-CA386BCA56D4}.Debug|Any CPU.Build.0 = Debug|Any CPU
		{033A00EA-22DC-4D4A-A8A5-CA386BCA56D4}.Release|Any CPU.ActiveCfg = Release|Any CPU
		{033A00EA-22DC-4D4A-A8A5-CA386BCA56D4}.Release|Any CPU.Build.0 = Release|Any CPU
	EndGlobalSection
	GlobalSection(SolutionProperties) = preSolution
		HideSolutionNode = FALSE
	EndGlobalSection
	GlobalSection(ExtensibilityGlobals) = postSolution
		SolutionGuid = {F96F3172-2B2A-41DC-8B8A-548D29472188}
	EndGlobalSection
EndGlobal
