
Microsoft Visual Studio Solution File, Format Version 12.00
# Visual Studio Version 17
VisualStudioVersion = 17.11.35312.102
MinimumVisualStudioVersion = 10.0.40219.1
Project("{9A19103F-16F7-4668-BE54-9A1E7A4F7556}") = "ForExp", "ForExp\ForExp.csproj", "{669EB88D-39F6-49F9-9E0E-239EC6A0ECDA}"
EndProject
Project("{9A19103F-16F7-4668-BE54-9A1E7A4F7556}") = "WhileExp", "WhileExp\WhileExp.csproj", "{ACC5D840-4A55-40DC-99BF-A3D7F743B6A6}"
EndProject
Project("{9A19103F-16F7-4668-BE54-9A1E7A4F7556}") = "DoWhileExp", "DoWhileExp\DoWhileExp.csproj", "{EAF65317-E49A-4844-8CD8-FE049A91D435}"
EndProject
Project("{9A19103F-16F7-4668-BE54-9A1E7A4F7556}") = "WhileDoWhileExp", "WhileDoWhileExp\WhileDoWhileExp.csproj", "{F56D4380-3FA8-41A6-9EE7-AE1F3068D046}"
EndProject
Project("{2150E333-8FDC-42A3-9474-1A3956D46DE8}") = "HA2aSorular", "HA2aSorular", "{13A07EC4-6529-45D7-B636-4AA32ED424A6}"
EndProject
Project("{FAE04EC0-301F-11D3-BF4B-00C04F79EFBC}") = "BirdenOnaGoto", "HA2aSorular\BirdenOnaGoto\BirdenOnaGoto.csproj", "{926803A3-67CA-49FF-ABCF-82D6F8BE9BB8}"
EndProject
Project("{FAE04EC0-301F-11D3-BF4B-00C04F79EFBC}") = "ZarAt", "HA2aSorular\ZarAt\ZarAt\ZarAt.csproj", "{B854672A-7F0D-46E8-ABE3-FF063077B527}"
EndProject
Project("{FAE04EC0-301F-11D3-BF4B-00C04F79EFBC}") = "BirdenOneWhile", "HA2aSorular\BirdenOnaWhile\BirdenOneWhile\BirdenOneWhile.csproj", "{EDAE5460-6089-4AFC-9705-AF350FEC14C0}"
EndProject
Project("{FAE04EC0-301F-11D3-BF4B-00C04F79EFBC}") = "BirdenOnaFor", "HA2aSorular\BirdenOnaFor\BirdenOnaFor\BirdenOnaFor.csproj", "{C4C5372C-378A-4EE9-A33C-CF29A14591FF}"
EndProject
Project("{FAE04EC0-301F-11D3-BF4B-00C04F79EFBC}") = "YıldızUcgen", "HA2aSorular\YıldızUcgen\YıldızUcgen\YıldızUcgen.csproj", "{1664A9EE-8B5B-4B52-AF8B-1D9456E5A01C}"
EndProject
Project("{FAE04EC0-301F-11D3-BF4B-00C04F79EFBC}") = "YıldızUcgenIcIceFor", "HA2aSorular\YıldızUcgenIcIceFor\YıldızUcgenIcIceFor\YıldızUcgenIcIceFor.csproj", "{B8866072-9E17-459A-86A6-7D1383994737}"
EndProject
Project("{FAE04EC0-301F-11D3-BF4B-00C04F79EFBC}") = "BirbirineKavusanSayılar", "HA2aSorular\BirbirineKavusanSayılar\BirbirineKavusanSayılar\BirbirineKavusanSayılar.csproj", "{8B740699-E4C7-4B27-B2E3-5F9C89E2150D}"
EndProject
Project("{FAE04EC0-301F-11D3-BF4B-00C04F79EFBC}") = "Quız", "HA2aSorular\Quız\Quız\Quız.csproj", "{B94D0A25-5415-4673-A027-5EC350664391}"
EndProject
Project("{FAE04EC0-301F-11D3-BF4B-00C04F79EFBC}") = "GirilenSayınınKaresi", "HA2aSorular\GirilenSayınınKaresi\GirilenSayınınKaresi\GirilenSayınınKaresi.csproj", "{2D6C30F2-A98C-455B-B5FD-19D90C4F53F4}"
EndProject
Project("{FAE04EC0-301F-11D3-BF4B-00C04F79EFBC}") = "SonsuzDonguVeKacıslar", "HA2aSorular\SonsuzDonguVeKacıslar\SonsuzDonguVeKacıslar\SonsuzDonguVeKacıslar.csproj", "{17B4FDDA-3BF7-42FD-B301-B170D7CCF131}"
EndProject
Project("{FAE04EC0-301F-11D3-BF4B-00C04F79EFBC}") = "IterasyonAtlama", "HA2aSorular\IterasyonAtlama\IterasyonAtlama\IterasyonAtlama.csproj", "{ECFE66DE-41DC-4179-935C-4F6EBD3602C3}"
EndProject
Project("{FAE04EC0-301F-11D3-BF4B-00C04F79EFBC}") = "ForSonsuz", "HA2aSorular\ForSonsuz\ForSonsuz\ForSonsuz.csproj", "{828F89E1-7A0B-4AEB-ACEC-632BBC507D09}"
EndProject
Project("{FAE04EC0-301F-11D3-BF4B-00C04F79EFBC}") = "YolArkadasi", "YolArkadasi\YolArkadasi.csproj", "{AB12E76A-3676-4794-B9D3-DA322E70E874}"
EndProject
Project("{FAE04EC0-301F-11D3-BF4B-00C04F79EFBC}") = "MetotUygulaması", "MetotUygulaması\MetotUygulaması.csproj", "{861BC7BA-E92A-4579-A2C2-9455BC2E6AFE}"
EndProject
Project("{2150E333-8FDC-42A3-9474-1A3956D46DE8}") = "HA2bKapanisSorular", "HA2bKapanisSorular", "{00C4429E-784E-4E8C-B0B6-5573389CB5F6}"
	ProjectSection(SolutionItems) = preProject
		README.md = README.md
	EndProjectSection
EndProject
Project("{FAE04EC0-301F-11D3-BF4B-00C04F79EFBC}") = "Soru01", "HA2bKapanisSorular\Soru01\Soru01\Soru01.csproj", "{0CB56A00-F35B-46FD-B1BE-A6EBBF031C4E}"
EndProject
Project("{FAE04EC0-301F-11D3-BF4B-00C04F79EFBC}") = "Soru02", "HA2bKapanisSorular\Soru02\Soru02\Soru02.csproj", "{FEEBC377-F93C-484F-AB7C-8FC4ADD80277}"
EndProject
Project("{FAE04EC0-301F-11D3-BF4B-00C04F79EFBC}") = "Soru03", "HA2bKapanisSorular\Soru03\Soru03\Soru03.csproj", "{CD6AEA64-7AA8-4F94-8C39-FC1D2714EDA4}"
EndProject
Project("{FAE04EC0-301F-11D3-BF4B-00C04F79EFBC}") = "Soru04", "HA2bKapanisSorular\Soru04\Soru04\Soru04.csproj", "{D9DE8D24-5BDF-4FE1-8AFA-4186DAB7DFBA}"
EndProject
Project("{FAE04EC0-301F-11D3-BF4B-00C04F79EFBC}") = "Soru05", "HA2bKapanisSorular\Soru05\Soru05\Soru05.csproj", "{BD1CC77D-9D85-4FA2-867A-0268D83BDD94}"
EndProject
Project("{FAE04EC0-301F-11D3-BF4B-00C04F79EFBC}") = "Soru06", "HA2bKapanisSorular\Soru06\Soru06\Soru06.csproj", "{B4F07AA1-4F91-4039-A8A7-792D8B92332D}"
EndProject
Project("{FAE04EC0-301F-11D3-BF4B-00C04F79EFBC}") = "Soru07", "HA2bKapanisSorular\Soru07\Soru07\Soru07.csproj", "{D4FA3361-E9CC-4A03-BA43-35A1D2ECDEA7}"
EndProject
Project("{FAE04EC0-301F-11D3-BF4B-00C04F79EFBC}") = "Soru08", "HA2bKapanisSorular\Soru08\Soru08\Soru08.csproj", "{500E88E0-8F7C-4570-AC51-8C14FA14C3A9}"
EndProject
Project("{FAE04EC0-301F-11D3-BF4B-00C04F79EFBC}") = "Soru09", "HA2bKapanisSorular\Soru09\Soru09\Soru09.csproj", "{678F2FEB-6A63-4B03-80B4-54217A96478C}"
EndProject
Project("{FAE04EC0-301F-11D3-BF4B-00C04F79EFBC}") = "Soru10", "HA2bKapanisSorular\Soru10\Soru10.csproj", "{7B8AA4F2-E55A-43A9-B658-8FAC9602C66D}"
EndProject
Project("{FAE04EC0-301F-11D3-BF4B-00C04F79EFBC}") = "Soru11", "HA2bKapanisSorular\Soru11\Soru11.csproj", "{D8F0F42E-2707-48DC-B9DF-B36968F19D88}"
EndProject
Project("{FAE04EC0-301F-11D3-BF4B-00C04F79EFBC}") = "Soru12", "HA2bKapanisSorular\Soru12\Soru12.csproj", "{909466E4-830F-427B-B483-5E59A9713DE1}"
EndProject
Project("{FAE04EC0-301F-11D3-BF4B-00C04F79EFBC}") = "Soru13", "HA2bKapanisSorular\Soru13\Soru13.csproj", "{7733F86E-06DA-4C89-8960-F95B1D0320B9}"
EndProject
Project("{FAE04EC0-301F-11D3-BF4B-00C04F79EFBC}") = "Soru14", "HA2bKapanisSorular\Soru14\Soru14.csproj", "{FA0EDF65-4ABD-423F-8D63-058B69723842}"
EndProject
Project("{FAE04EC0-301F-11D3-BF4B-00C04F79EFBC}") = "Soru15", "HA2bKapanisSorular\Soru15\Soru15.csproj", "{C5785D4E-0350-4704-AAD2-ADCB9431B9CF}"
EndProject
Project("{FAE04EC0-301F-11D3-BF4B-00C04F79EFBC}") = "Soru16", "HA2bKapanisSorular\Soru16\Soru16.csproj", "{CF6C79F5-EB5D-4EF9-A6DD-2CCFE5D19AAF}"
EndProject
Project("{FAE04EC0-301F-11D3-BF4B-00C04F79EFBC}") = "Soru17", "HA2bKapanisSorular\Soru17\Soru17.csproj", "{4C3D5E55-25CB-467B-8640-3B7331E526C7}"
EndProject
Project("{FAE04EC0-301F-11D3-BF4B-00C04F79EFBC}") = "Soru18", "HA2bKapanisSorular\Soru18\Soru18.csproj", "{66216DC1-A1E1-4BA3-880B-44DC61EEBA5D}"
EndProject
Global
	GlobalSection(SolutionConfigurationPlatforms) = preSolution
		Debug|Any CPU = Debug|Any CPU
		Release|Any CPU = Release|Any CPU
	EndGlobalSection
	GlobalSection(ProjectConfigurationPlatforms) = postSolution
		{669EB88D-39F6-49F9-9E0E-239EC6A0ECDA}.Debug|Any CPU.ActiveCfg = Debug|Any CPU
		{669EB88D-39F6-49F9-9E0E-239EC6A0ECDA}.Debug|Any CPU.Build.0 = Debug|Any CPU
		{669EB88D-39F6-49F9-9E0E-239EC6A0ECDA}.Release|Any CPU.ActiveCfg = Release|Any CPU
		{669EB88D-39F6-49F9-9E0E-239EC6A0ECDA}.Release|Any CPU.Build.0 = Release|Any CPU
		{ACC5D840-4A55-40DC-99BF-A3D7F743B6A6}.Debug|Any CPU.ActiveCfg = Debug|Any CPU
		{ACC5D840-4A55-40DC-99BF-A3D7F743B6A6}.Debug|Any CPU.Build.0 = Debug|Any CPU
		{ACC5D840-4A55-40DC-99BF-A3D7F743B6A6}.Release|Any CPU.ActiveCfg = Release|Any CPU
		{ACC5D840-4A55-40DC-99BF-A3D7F743B6A6}.Release|Any CPU.Build.0 = Release|Any CPU
		{EAF65317-E49A-4844-8CD8-FE049A91D435}.Debug|Any CPU.ActiveCfg = Debug|Any CPU
		{EAF65317-E49A-4844-8CD8-FE049A91D435}.Debug|Any CPU.Build.0 = Debug|Any CPU
		{EAF65317-E49A-4844-8CD8-FE049A91D435}.Release|Any CPU.ActiveCfg = Release|Any CPU
		{EAF65317-E49A-4844-8CD8-FE049A91D435}.Release|Any CPU.Build.0 = Release|Any CPU
		{F56D4380-3FA8-41A6-9EE7-AE1F3068D046}.Debug|Any CPU.ActiveCfg = Debug|Any CPU
		{F56D4380-3FA8-41A6-9EE7-AE1F3068D046}.Debug|Any CPU.Build.0 = Debug|Any CPU
		{F56D4380-3FA8-41A6-9EE7-AE1F3068D046}.Release|Any CPU.ActiveCfg = Release|Any CPU
		{F56D4380-3FA8-41A6-9EE7-AE1F3068D046}.Release|Any CPU.Build.0 = Release|Any CPU
		{926803A3-67CA-49FF-ABCF-82D6F8BE9BB8}.Debug|Any CPU.ActiveCfg = Debug|Any CPU
		{926803A3-67CA-49FF-ABCF-82D6F8BE9BB8}.Debug|Any CPU.Build.0 = Debug|Any CPU
		{926803A3-67CA-49FF-ABCF-82D6F8BE9BB8}.Release|Any CPU.ActiveCfg = Release|Any CPU
		{926803A3-67CA-49FF-ABCF-82D6F8BE9BB8}.Release|Any CPU.Build.0 = Release|Any CPU
		{B854672A-7F0D-46E8-ABE3-FF063077B527}.Debug|Any CPU.ActiveCfg = Debug|Any CPU
		{B854672A-7F0D-46E8-ABE3-FF063077B527}.Debug|Any CPU.Build.0 = Debug|Any CPU
		{B854672A-7F0D-46E8-ABE3-FF063077B527}.Release|Any CPU.ActiveCfg = Release|Any CPU
		{B854672A-7F0D-46E8-ABE3-FF063077B527}.Release|Any CPU.Build.0 = Release|Any CPU
		{EDAE5460-6089-4AFC-9705-AF350FEC14C0}.Debug|Any CPU.ActiveCfg = Debug|Any CPU
		{EDAE5460-6089-4AFC-9705-AF350FEC14C0}.Debug|Any CPU.Build.0 = Debug|Any CPU
		{EDAE5460-6089-4AFC-9705-AF350FEC14C0}.Release|Any CPU.ActiveCfg = Release|Any CPU
		{EDAE5460-6089-4AFC-9705-AF350FEC14C0}.Release|Any CPU.Build.0 = Release|Any CPU
		{C4C5372C-378A-4EE9-A33C-CF29A14591FF}.Debug|Any CPU.ActiveCfg = Debug|Any CPU
		{C4C5372C-378A-4EE9-A33C-CF29A14591FF}.Debug|Any CPU.Build.0 = Debug|Any CPU
		{C4C5372C-378A-4EE9-A33C-CF29A14591FF}.Release|Any CPU.ActiveCfg = Release|Any CPU
		{C4C5372C-378A-4EE9-A33C-CF29A14591FF}.Release|Any CPU.Build.0 = Release|Any CPU
		{1664A9EE-8B5B-4B52-AF8B-1D9456E5A01C}.Debug|Any CPU.ActiveCfg = Debug|Any CPU
		{1664A9EE-8B5B-4B52-AF8B-1D9456E5A01C}.Debug|Any CPU.Build.0 = Debug|Any CPU
		{1664A9EE-8B5B-4B52-AF8B-1D9456E5A01C}.Release|Any CPU.ActiveCfg = Release|Any CPU
		{1664A9EE-8B5B-4B52-AF8B-1D9456E5A01C}.Release|Any CPU.Build.0 = Release|Any CPU
		{B8866072-9E17-459A-86A6-7D1383994737}.Debug|Any CPU.ActiveCfg = Debug|Any CPU
		{B8866072-9E17-459A-86A6-7D1383994737}.Debug|Any CPU.Build.0 = Debug|Any CPU
		{B8866072-9E17-459A-86A6-7D1383994737}.Release|Any CPU.ActiveCfg = Release|Any CPU
		{B8866072-9E17-459A-86A6-7D1383994737}.Release|Any CPU.Build.0 = Release|Any CPU
		{8B740699-E4C7-4B27-B2E3-5F9C89E2150D}.Debug|Any CPU.ActiveCfg = Debug|Any CPU
		{8B740699-E4C7-4B27-B2E3-5F9C89E2150D}.Debug|Any CPU.Build.0 = Debug|Any CPU
		{8B740699-E4C7-4B27-B2E3-5F9C89E2150D}.Release|Any CPU.ActiveCfg = Release|Any CPU
		{8B740699-E4C7-4B27-B2E3-5F9C89E2150D}.Release|Any CPU.Build.0 = Release|Any CPU
		{B94D0A25-5415-4673-A027-5EC350664391}.Debug|Any CPU.ActiveCfg = Debug|Any CPU
		{B94D0A25-5415-4673-A027-5EC350664391}.Debug|Any CPU.Build.0 = Debug|Any CPU
		{B94D0A25-5415-4673-A027-5EC350664391}.Release|Any CPU.ActiveCfg = Release|Any CPU
		{B94D0A25-5415-4673-A027-5EC350664391}.Release|Any CPU.Build.0 = Release|Any CPU
		{2D6C30F2-A98C-455B-B5FD-19D90C4F53F4}.Debug|Any CPU.ActiveCfg = Debug|Any CPU
		{2D6C30F2-A98C-455B-B5FD-19D90C4F53F4}.Debug|Any CPU.Build.0 = Debug|Any CPU
		{2D6C30F2-A98C-455B-B5FD-19D90C4F53F4}.Release|Any CPU.ActiveCfg = Release|Any CPU
		{2D6C30F2-A98C-455B-B5FD-19D90C4F53F4}.Release|Any CPU.Build.0 = Release|Any CPU
		{17B4FDDA-3BF7-42FD-B301-B170D7CCF131}.Debug|Any CPU.ActiveCfg = Debug|Any CPU
		{17B4FDDA-3BF7-42FD-B301-B170D7CCF131}.Debug|Any CPU.Build.0 = Debug|Any CPU
		{17B4FDDA-3BF7-42FD-B301-B170D7CCF131}.Release|Any CPU.ActiveCfg = Release|Any CPU
		{17B4FDDA-3BF7-42FD-B301-B170D7CCF131}.Release|Any CPU.Build.0 = Release|Any CPU
		{ECFE66DE-41DC-4179-935C-4F6EBD3602C3}.Debug|Any CPU.ActiveCfg = Debug|Any CPU
		{ECFE66DE-41DC-4179-935C-4F6EBD3602C3}.Debug|Any CPU.Build.0 = Debug|Any CPU
		{ECFE66DE-41DC-4179-935C-4F6EBD3602C3}.Release|Any CPU.ActiveCfg = Release|Any CPU
		{ECFE66DE-41DC-4179-935C-4F6EBD3602C3}.Release|Any CPU.Build.0 = Release|Any CPU
		{828F89E1-7A0B-4AEB-ACEC-632BBC507D09}.Debug|Any CPU.ActiveCfg = Debug|Any CPU
		{828F89E1-7A0B-4AEB-ACEC-632BBC507D09}.Debug|Any CPU.Build.0 = Debug|Any CPU
		{828F89E1-7A0B-4AEB-ACEC-632BBC507D09}.Release|Any CPU.ActiveCfg = Release|Any CPU
		{828F89E1-7A0B-4AEB-ACEC-632BBC507D09}.Release|Any CPU.Build.0 = Release|Any CPU
		{AB12E76A-3676-4794-B9D3-DA322E70E874}.Debug|Any CPU.ActiveCfg = Debug|Any CPU
		{AB12E76A-3676-4794-B9D3-DA322E70E874}.Debug|Any CPU.Build.0 = Debug|Any CPU
		{AB12E76A-3676-4794-B9D3-DA322E70E874}.Release|Any CPU.ActiveCfg = Release|Any CPU
		{AB12E76A-3676-4794-B9D3-DA322E70E874}.Release|Any CPU.Build.0 = Release|Any CPU
		{861BC7BA-E92A-4579-A2C2-9455BC2E6AFE}.Debug|Any CPU.ActiveCfg = Debug|Any CPU
		{861BC7BA-E92A-4579-A2C2-9455BC2E6AFE}.Debug|Any CPU.Build.0 = Debug|Any CPU
		{861BC7BA-E92A-4579-A2C2-9455BC2E6AFE}.Release|Any CPU.ActiveCfg = Release|Any CPU
		{861BC7BA-E92A-4579-A2C2-9455BC2E6AFE}.Release|Any CPU.Build.0 = Release|Any CPU
		{0CB56A00-F35B-46FD-B1BE-A6EBBF031C4E}.Debug|Any CPU.ActiveCfg = Debug|Any CPU
		{0CB56A00-F35B-46FD-B1BE-A6EBBF031C4E}.Debug|Any CPU.Build.0 = Debug|Any CPU
		{0CB56A00-F35B-46FD-B1BE-A6EBBF031C4E}.Release|Any CPU.ActiveCfg = Release|Any CPU
		{0CB56A00-F35B-46FD-B1BE-A6EBBF031C4E}.Release|Any CPU.Build.0 = Release|Any CPU
		{FEEBC377-F93C-484F-AB7C-8FC4ADD80277}.Debug|Any CPU.ActiveCfg = Debug|Any CPU
		{FEEBC377-F93C-484F-AB7C-8FC4ADD80277}.Debug|Any CPU.Build.0 = Debug|Any CPU
		{FEEBC377-F93C-484F-AB7C-8FC4ADD80277}.Release|Any CPU.ActiveCfg = Release|Any CPU
		{FEEBC377-F93C-484F-AB7C-8FC4ADD80277}.Release|Any CPU.Build.0 = Release|Any CPU
		{CD6AEA64-7AA8-4F94-8C39-FC1D2714EDA4}.Debug|Any CPU.ActiveCfg = Debug|Any CPU
		{CD6AEA64-7AA8-4F94-8C39-FC1D2714EDA4}.Debug|Any CPU.Build.0 = Debug|Any CPU
		{CD6AEA64-7AA8-4F94-8C39-FC1D2714EDA4}.Release|Any CPU.ActiveCfg = Release|Any CPU
		{CD6AEA64-7AA8-4F94-8C39-FC1D2714EDA4}.Release|Any CPU.Build.0 = Release|Any CPU
		{D9DE8D24-5BDF-4FE1-8AFA-4186DAB7DFBA}.Debug|Any CPU.ActiveCfg = Debug|Any CPU
		{D9DE8D24-5BDF-4FE1-8AFA-4186DAB7DFBA}.Debug|Any CPU.Build.0 = Debug|Any CPU
		{D9DE8D24-5BDF-4FE1-8AFA-4186DAB7DFBA}.Release|Any CPU.ActiveCfg = Release|Any CPU
		{D9DE8D24-5BDF-4FE1-8AFA-4186DAB7DFBA}.Release|Any CPU.Build.0 = Release|Any CPU
		{BD1CC77D-9D85-4FA2-867A-0268D83BDD94}.Debug|Any CPU.ActiveCfg = Debug|Any CPU
		{BD1CC77D-9D85-4FA2-867A-0268D83BDD94}.Debug|Any CPU.Build.0 = Debug|Any CPU
		{BD1CC77D-9D85-4FA2-867A-0268D83BDD94}.Release|Any CPU.ActiveCfg = Release|Any CPU
		{BD1CC77D-9D85-4FA2-867A-0268D83BDD94}.Release|Any CPU.Build.0 = Release|Any CPU
		{B4F07AA1-4F91-4039-A8A7-792D8B92332D}.Debug|Any CPU.ActiveCfg = Debug|Any CPU
		{B4F07AA1-4F91-4039-A8A7-792D8B92332D}.Debug|Any CPU.Build.0 = Debug|Any CPU
		{B4F07AA1-4F91-4039-A8A7-792D8B92332D}.Release|Any CPU.ActiveCfg = Release|Any CPU
		{B4F07AA1-4F91-4039-A8A7-792D8B92332D}.Release|Any CPU.Build.0 = Release|Any CPU
		{D4FA3361-E9CC-4A03-BA43-35A1D2ECDEA7}.Debug|Any CPU.ActiveCfg = Debug|Any CPU
		{D4FA3361-E9CC-4A03-BA43-35A1D2ECDEA7}.Debug|Any CPU.Build.0 = Debug|Any CPU
		{D4FA3361-E9CC-4A03-BA43-35A1D2ECDEA7}.Release|Any CPU.ActiveCfg = Release|Any CPU
		{D4FA3361-E9CC-4A03-BA43-35A1D2ECDEA7}.Release|Any CPU.Build.0 = Release|Any CPU
		{500E88E0-8F7C-4570-AC51-8C14FA14C3A9}.Debug|Any CPU.ActiveCfg = Debug|Any CPU
		{500E88E0-8F7C-4570-AC51-8C14FA14C3A9}.Debug|Any CPU.Build.0 = Debug|Any CPU
		{500E88E0-8F7C-4570-AC51-8C14FA14C3A9}.Release|Any CPU.ActiveCfg = Release|Any CPU
		{500E88E0-8F7C-4570-AC51-8C14FA14C3A9}.Release|Any CPU.Build.0 = Release|Any CPU
		{678F2FEB-6A63-4B03-80B4-54217A96478C}.Debug|Any CPU.ActiveCfg = Debug|Any CPU
		{678F2FEB-6A63-4B03-80B4-54217A96478C}.Debug|Any CPU.Build.0 = Debug|Any CPU
		{678F2FEB-6A63-4B03-80B4-54217A96478C}.Release|Any CPU.ActiveCfg = Release|Any CPU
		{678F2FEB-6A63-4B03-80B4-54217A96478C}.Release|Any CPU.Build.0 = Release|Any CPU
		{7B8AA4F2-E55A-43A9-B658-8FAC9602C66D}.Debug|Any CPU.ActiveCfg = Debug|Any CPU
		{7B8AA4F2-E55A-43A9-B658-8FAC9602C66D}.Debug|Any CPU.Build.0 = Debug|Any CPU
		{7B8AA4F2-E55A-43A9-B658-8FAC9602C66D}.Release|Any CPU.ActiveCfg = Release|Any CPU
		{7B8AA4F2-E55A-43A9-B658-8FAC9602C66D}.Release|Any CPU.Build.0 = Release|Any CPU
		{D8F0F42E-2707-48DC-B9DF-B36968F19D88}.Debug|Any CPU.ActiveCfg = Debug|Any CPU
		{D8F0F42E-2707-48DC-B9DF-B36968F19D88}.Debug|Any CPU.Build.0 = Debug|Any CPU
		{D8F0F42E-2707-48DC-B9DF-B36968F19D88}.Release|Any CPU.ActiveCfg = Release|Any CPU
		{D8F0F42E-2707-48DC-B9DF-B36968F19D88}.Release|Any CPU.Build.0 = Release|Any CPU
		{909466E4-830F-427B-B483-5E59A9713DE1}.Debug|Any CPU.ActiveCfg = Debug|Any CPU
		{909466E4-830F-427B-B483-5E59A9713DE1}.Debug|Any CPU.Build.0 = Debug|Any CPU
		{909466E4-830F-427B-B483-5E59A9713DE1}.Release|Any CPU.ActiveCfg = Release|Any CPU
		{909466E4-830F-427B-B483-5E59A9713DE1}.Release|Any CPU.Build.0 = Release|Any CPU
		{7733F86E-06DA-4C89-8960-F95B1D0320B9}.Debug|Any CPU.ActiveCfg = Debug|Any CPU
		{7733F86E-06DA-4C89-8960-F95B1D0320B9}.Debug|Any CPU.Build.0 = Debug|Any CPU
		{7733F86E-06DA-4C89-8960-F95B1D0320B9}.Release|Any CPU.ActiveCfg = Release|Any CPU
		{7733F86E-06DA-4C89-8960-F95B1D0320B9}.Release|Any CPU.Build.0 = Release|Any CPU
		{FA0EDF65-4ABD-423F-8D63-058B69723842}.Debug|Any CPU.ActiveCfg = Debug|Any CPU
		{FA0EDF65-4ABD-423F-8D63-058B69723842}.Debug|Any CPU.Build.0 = Debug|Any CPU
		{FA0EDF65-4ABD-423F-8D63-058B69723842}.Release|Any CPU.ActiveCfg = Release|Any CPU
		{FA0EDF65-4ABD-423F-8D63-058B69723842}.Release|Any CPU.Build.0 = Release|Any CPU
		{C5785D4E-0350-4704-AAD2-ADCB9431B9CF}.Debug|Any CPU.ActiveCfg = Debug|Any CPU
		{C5785D4E-0350-4704-AAD2-ADCB9431B9CF}.Debug|Any CPU.Build.0 = Debug|Any CPU
		{C5785D4E-0350-4704-AAD2-ADCB9431B9CF}.Release|Any CPU.ActiveCfg = Release|Any CPU
		{C5785D4E-0350-4704-AAD2-ADCB9431B9CF}.Release|Any CPU.Build.0 = Release|Any CPU
		{CF6C79F5-EB5D-4EF9-A6DD-2CCFE5D19AAF}.Debug|Any CPU.ActiveCfg = Debug|Any CPU
		{CF6C79F5-EB5D-4EF9-A6DD-2CCFE5D19AAF}.Debug|Any CPU.Build.0 = Debug|Any CPU
		{CF6C79F5-EB5D-4EF9-A6DD-2CCFE5D19AAF}.Release|Any CPU.ActiveCfg = Release|Any CPU
		{CF6C79F5-EB5D-4EF9-A6DD-2CCFE5D19AAF}.Release|Any CPU.Build.0 = Release|Any CPU
		{4C3D5E55-25CB-467B-8640-3B7331E526C7}.Debug|Any CPU.ActiveCfg = Debug|Any CPU
		{4C3D5E55-25CB-467B-8640-3B7331E526C7}.Debug|Any CPU.Build.0 = Debug|Any CPU
		{4C3D5E55-25CB-467B-8640-3B7331E526C7}.Release|Any CPU.ActiveCfg = Release|Any CPU
		{4C3D5E55-25CB-467B-8640-3B7331E526C7}.Release|Any CPU.Build.0 = Release|Any CPU
		{66216DC1-A1E1-4BA3-880B-44DC61EEBA5D}.Debug|Any CPU.ActiveCfg = Debug|Any CPU
		{66216DC1-A1E1-4BA3-880B-44DC61EEBA5D}.Debug|Any CPU.Build.0 = Debug|Any CPU
		{66216DC1-A1E1-4BA3-880B-44DC61EEBA5D}.Release|Any CPU.ActiveCfg = Release|Any CPU
		{66216DC1-A1E1-4BA3-880B-44DC61EEBA5D}.Release|Any CPU.Build.0 = Release|Any CPU
	EndGlobalSection
	GlobalSection(SolutionProperties) = preSolution
		HideSolutionNode = FALSE
	EndGlobalSection
	GlobalSection(NestedProjects) = preSolution
		{926803A3-67CA-49FF-ABCF-82D6F8BE9BB8} = {13A07EC4-6529-45D7-B636-4AA32ED424A6}
		{B854672A-7F0D-46E8-ABE3-FF063077B527} = {13A07EC4-6529-45D7-B636-4AA32ED424A6}
		{EDAE5460-6089-4AFC-9705-AF350FEC14C0} = {13A07EC4-6529-45D7-B636-4AA32ED424A6}
		{C4C5372C-378A-4EE9-A33C-CF29A14591FF} = {13A07EC4-6529-45D7-B636-4AA32ED424A6}
		{1664A9EE-8B5B-4B52-AF8B-1D9456E5A01C} = {13A07EC4-6529-45D7-B636-4AA32ED424A6}
		{B8866072-9E17-459A-86A6-7D1383994737} = {13A07EC4-6529-45D7-B636-4AA32ED424A6}
		{8B740699-E4C7-4B27-B2E3-5F9C89E2150D} = {13A07EC4-6529-45D7-B636-4AA32ED424A6}
		{B94D0A25-5415-4673-A027-5EC350664391} = {13A07EC4-6529-45D7-B636-4AA32ED424A6}
		{2D6C30F2-A98C-455B-B5FD-19D90C4F53F4} = {13A07EC4-6529-45D7-B636-4AA32ED424A6}
		{17B4FDDA-3BF7-42FD-B301-B170D7CCF131} = {13A07EC4-6529-45D7-B636-4AA32ED424A6}
		{ECFE66DE-41DC-4179-935C-4F6EBD3602C3} = {13A07EC4-6529-45D7-B636-4AA32ED424A6}
		{828F89E1-7A0B-4AEB-ACEC-632BBC507D09} = {13A07EC4-6529-45D7-B636-4AA32ED424A6}
		{0CB56A00-F35B-46FD-B1BE-A6EBBF031C4E} = {00C4429E-784E-4E8C-B0B6-5573389CB5F6}
		{FEEBC377-F93C-484F-AB7C-8FC4ADD80277} = {00C4429E-784E-4E8C-B0B6-5573389CB5F6}
		{CD6AEA64-7AA8-4F94-8C39-FC1D2714EDA4} = {00C4429E-784E-4E8C-B0B6-5573389CB5F6}
		{D9DE8D24-5BDF-4FE1-8AFA-4186DAB7DFBA} = {00C4429E-784E-4E8C-B0B6-5573389CB5F6}
		{BD1CC77D-9D85-4FA2-867A-0268D83BDD94} = {00C4429E-784E-4E8C-B0B6-5573389CB5F6}
		{B4F07AA1-4F91-4039-A8A7-792D8B92332D} = {00C4429E-784E-4E8C-B0B6-5573389CB5F6}
		{D4FA3361-E9CC-4A03-BA43-35A1D2ECDEA7} = {00C4429E-784E-4E8C-B0B6-5573389CB5F6}
		{500E88E0-8F7C-4570-AC51-8C14FA14C3A9} = {00C4429E-784E-4E8C-B0B6-5573389CB5F6}
		{678F2FEB-6A63-4B03-80B4-54217A96478C} = {00C4429E-784E-4E8C-B0B6-5573389CB5F6}
		{7B8AA4F2-E55A-43A9-B658-8FAC9602C66D} = {00C4429E-784E-4E8C-B0B6-5573389CB5F6}
		{D8F0F42E-2707-48DC-B9DF-B36968F19D88} = {00C4429E-784E-4E8C-B0B6-5573389CB5F6}
		{909466E4-830F-427B-B483-5E59A9713DE1} = {00C4429E-784E-4E8C-B0B6-5573389CB5F6}
		{7733F86E-06DA-4C89-8960-F95B1D0320B9} = {00C4429E-784E-4E8C-B0B6-5573389CB5F6}
		{FA0EDF65-4ABD-423F-8D63-058B69723842} = {00C4429E-784E-4E8C-B0B6-5573389CB5F6}
		{C5785D4E-0350-4704-AAD2-ADCB9431B9CF} = {00C4429E-784E-4E8C-B0B6-5573389CB5F6}
		{CF6C79F5-EB5D-4EF9-A6DD-2CCFE5D19AAF} = {00C4429E-784E-4E8C-B0B6-5573389CB5F6}
		{4C3D5E55-25CB-467B-8640-3B7331E526C7} = {00C4429E-784E-4E8C-B0B6-5573389CB5F6}
		{66216DC1-A1E1-4BA3-880B-44DC61EEBA5D} = {00C4429E-784E-4E8C-B0B6-5573389CB5F6}
	EndGlobalSection
	GlobalSection(ExtensibilityGlobals) = postSolution
		SolutionGuid = {F96F3172-2B2A-41DC-8B8A-548D29472188}
	EndGlobalSection
EndGlobal
