
Microsoft Visual Studio Solution File, Format Version 12.00
# Visual Studio Version 17
VisualStudioVersion = 17.11.35312.102
MinimumVisualStudioVersion = 10.0.40219.1
Project("{9A19103F-16F7-4668-BE54-9A1E7A4F7556}") = "ForExp", "ForExp\ForExp.csproj", "{669EB88D-39F6-49F9-9E0E-239EC6A0ECDA}"
EndProject
Project("{9A19103F-16F7-4668-BE54-9A1E7A4F7556}") = "WhileExp", "WhileExp\WhileExp.csproj", "{ACC5D840-4A55-40DC-99BF-A3D7F743B6A6}"
EndProject
Project("{9A19103F-16F7-4668-BE54-9A1E7A4F7556}") = "DoWhileExp", "DoWhileExp\DoWhileExp.csproj", "{EAF65317-E49A-4844-8CD8-FE049A91D435}"
EndProject
Project("{9A19103F-16F7-4668-BE54-9A1E7A4F7556}") = "WhileDoWhileExp", "WhileDoWhileExp\WhileDoWhileExp.csproj", "{F56D4380-3FA8-41A6-9EE7-AE1F3068D046}"
EndProject
Project("{2150E333-8FDC-42A3-9474-1A3956D46DE8}") = "HA2aSorular", "HA2aSorular", "{13A07EC4-6529-45D7-B636-4AA32ED424A6}"
EndProject
Project("{FAE04EC0-301F-11D3-BF4B-00C04F79EFBC}") = "BirdenOnaGoto", "HA2aSorular\BirdenOnaGoto\BirdenOnaGoto.csproj", "{926803A3-67CA-49FF-ABCF-82D6F8BE9BB8}"
EndProject
Project("{FAE04EC0-301F-11D3-BF4B-00C04F79EFBC}") = "ZarAt", "HA2aSorular\ZarAt\ZarAt\ZarAt.csproj", "{B854672A-7F0D-46E8-ABE3-FF063077B527}"
EndProject
Project("{FAE04EC0-301F-11D3-BF4B-00C04F79EFBC}") = "BirdenOneWhile", "HA2aSorular\BirdenOnaWhile\BirdenOneWhile\BirdenOneWhile.csproj", "{EDAE5460-6089-4AFC-9705-AF350FEC14C0}"
EndProject
Project("{FAE04EC0-301F-11D3-BF4B-00C04F79EFBC}") = "BirdenOnaFor", "HA2aSorular\BirdenOnaFor\BirdenOnaFor\BirdenOnaFor.csproj", "{C4C5372C-378A-4EE9-A33C-CF29A14591FF}"
EndProject
Project("{FAE04EC0-301F-11D3-BF4B-00C04F79EFBC}") = "YıldızUcgen", "HA2aSorular\YıldızUcgen\YıldızUcgen\YıldızUcgen.csproj", "{1664A9EE-8B5B-4B52-AF8B-1D9456E5A01C}"
EndProject
Project("{FAE04EC0-301F-11D3-BF4B-00C04F79EFBC}") = "YıldızUcgenIcIceFor", "HA2aSorular\YıldızUcgenIcIceFor\YıldızUcgenIcIceFor\YıldızUcgenIcIceFor.csproj", "{B8866072-9E17-459A-86A6-7D1383994737}"
EndProject
Project("{FAE04EC0-301F-11D3-BF4B-00C04F79EFBC}") = "BirbirineKavusanSayılar", "HA2aSorular\BirbirineKavusanSayılar\BirbirineKavusanSayılar\BirbirineKavusanSayılar.csproj", "{8B740699-E4C7-4B27-B2E3-5F9C89E2150D}"
EndProject
Project("{FAE04EC0-301F-11D3-BF4B-00C04F79EFBC}") = "Quız", "HA2aSorular\Quız\Quız\Quız.csproj", "{B94D0A25-5415-4673-A027-5EC350664391}"
EndProject
Project("{FAE04EC0-301F-11D3-BF4B-00C04F79EFBC}") = "GirilenSayınınKaresi", "HA2aSorular\GirilenSayınınKaresi\GirilenSayınınKaresi\GirilenSayınınKaresi.csproj", "{2D6C30F2-A98C-455B-B5FD-19D90C4F53F4}"
EndProject
Project("{FAE04EC0-301F-11D3-BF4B-00C04F79EFBC}") = "SonsuzDonguVeKacıslar", "HA2aSorular\SonsuzDonguVeKacıslar\SonsuzDonguVeKacıslar\SonsuzDonguVeKacıslar.csproj", "{17B4FDDA-3BF7-42FD-B301-B170D7CCF131}"
EndProject
Project("{FAE04EC0-301F-11D3-BF4B-00C04F79EFBC}") = "IterasyonAtlama", "HA2aSorular\IterasyonAtlama\IterasyonAtlama\IterasyonAtlama.csproj", "{ECFE66DE-41DC-4179-935C-4F6EBD3602C3}"
EndProject
Project("{FAE04EC0-301F-11D3-BF4B-00C04F79EFBC}") = "ForSonsuz", "HA2aSorular\ForSonsuz\ForSonsuz\ForSonsuz.csproj", "{828F89E1-7A0B-4AEB-ACEC-632BBC507D09}"
EndProject
Project("{FAE04EC0-301F-11D3-BF4B-00C04F79EFBC}") = "YolArkadasi", "YolArkadasi\YolArkadasi.csproj", "{AB12E76A-3676-4794-B9D3-DA322E70E874}"
EndProject
Global
	GlobalSection(SolutionConfigurationPlatforms) = preSolution
		Debug|Any CPU = Debug|Any CPU
		Release|Any CPU = Release|Any CPU
	EndGlobalSection
	GlobalSection(ProjectConfigurationPlatforms) = postSolution
		{669EB88D-39F6-49F9-9E0E-239EC6A0ECDA}.Debug|Any CPU.ActiveCfg = Debug|Any CPU
		{669EB88D-39F6-49F9-9E0E-239EC6A0ECDA}.Debug|Any CPU.Build.0 = Debug|Any CPU
		{669EB88D-39F6-49F9-9E0E-239EC6A0ECDA}.Release|Any CPU.ActiveCfg = Release|Any CPU
		{669EB88D-39F6-49F9-9E0E-239EC6A0ECDA}.Release|Any CPU.Build.0 = Release|Any CPU
		{ACC5D840-4A55-40DC-99BF-A3D7F743B6A6}.Debug|Any CPU.ActiveCfg = Debug|Any CPU
		{ACC5D840-4A55-40DC-99BF-A3D7F743B6A6}.Debug|Any CPU.Build.0 = Debug|Any CPU
		{ACC5D840-4A55-40DC-99BF-A3D7F743B6A6}.Release|Any CPU.ActiveCfg = Release|Any CPU
		{ACC5D840-4A55-40DC-99BF-A3D7F743B6A6}.Release|Any CPU.Build.0 = Release|Any CPU
		{EAF65317-E49A-4844-8CD8-FE049A91D435}.Debug|Any CPU.ActiveCfg = Debug|Any CPU
		{EAF65317-E49A-4844-8CD8-FE049A91D435}.Debug|Any CPU.Build.0 = Debug|Any CPU
		{EAF65317-E49A-4844-8CD8-FE049A91D435}.Release|Any CPU.ActiveCfg = Release|Any CPU
		{EAF65317-E49A-4844-8CD8-FE049A91D435}.Release|Any CPU.Build.0 = Release|Any CPU
		{F56D4380-3FA8-41A6-9EE7-AE1F3068D046}.Debug|Any CPU.ActiveCfg = Debug|Any CPU
		{F56D4380-3FA8-41A6-9EE7-AE1F3068D046}.Debug|Any CPU.Build.0 = Debug|Any CPU
		{F56D4380-3FA8-41A6-9EE7-AE1F3068D046}.Release|Any CPU.ActiveCfg = Release|Any CPU
		{F56D4380-3FA8-41A6-9EE7-AE1F3068D046}.Release|Any CPU.Build.0 = Release|Any CPU
		{926803A3-67CA-49FF-ABCF-82D6F8BE9BB8}.Debug|Any CPU.ActiveCfg = Debug|Any CPU
		{926803A3-67CA-49FF-ABCF-82D6F8BE9BB8}.Debug|Any CPU.Build.0 = Debug|Any CPU
		{926803A3-67CA-49FF-ABCF-82D6F8BE9BB8}.Release|Any CPU.ActiveCfg = Release|Any CPU
		{926803A3-67CA-49FF-ABCF-82D6F8BE9BB8}.Release|Any CPU.Build.0 = Release|Any CPU
		{B854672A-7F0D-46E8-ABE3-FF063077B527}.Debug|Any CPU.ActiveCfg = Debug|Any CPU
		{B854672A-7F0D-46E8-ABE3-FF063077B527}.Debug|Any CPU.Build.0 = Debug|Any CPU
		{B854672A-7F0D-46E8-ABE3-FF063077B527}.Release|Any CPU.ActiveCfg = Release|Any CPU
		{B854672A-7F0D-46E8-ABE3-FF063077B527}.Release|Any CPU.Build.0 = Release|Any CPU
		{EDAE5460-6089-4AFC-9705-AF350FEC14C0}.Debug|Any CPU.ActiveCfg = Debug|Any CPU
		{EDAE5460-6089-4AFC-9705-AF350FEC14C0}.Debug|Any CPU.Build.0 = Debug|Any CPU
		{EDAE5460-6089-4AFC-9705-AF350FEC14C0}.Release|Any CPU.ActiveCfg = Release|Any CPU
		{EDAE5460-6089-4AFC-9705-AF350FEC14C0}.Release|Any CPU.Build.0 = Release|Any CPU
		{C4C5372C-378A-4EE9-A33C-CF29A14591FF}.Debug|Any CPU.ActiveCfg = Debug|Any CPU
		{C4C5372C-378A-4EE9-A33C-CF29A14591FF}.Debug|Any CPU.Build.0 = Debug|Any CPU
		{C4C5372C-378A-4EE9-A33C-CF29A14591FF}.Release|Any CPU.ActiveCfg = Release|Any CPU
		{C4C5372C-378A-4EE9-A33C-CF29A14591FF}.Release|Any CPU.Build.0 = Release|Any CPU
		{1664A9EE-8B5B-4B52-AF8B-1D9456E5A01C}.Debug|Any CPU.ActiveCfg = Debug|Any CPU
		{1664A9EE-8B5B-4B52-AF8B-1D9456E5A01C}.Debug|Any CPU.Build.0 = Debug|Any CPU
		{1664A9EE-8B5B-4B52-AF8B-1D9456E5A01C}.Release|Any CPU.ActiveCfg = Release|Any CPU
		{1664A9EE-8B5B-4B52-AF8B-1D9456E5A01C}.Release|Any CPU.Build.0 = Release|Any CPU
		{B8866072-9E17-459A-86A6-7D1383994737}.Debug|Any CPU.ActiveCfg = Debug|Any CPU
		{B8866072-9E17-459A-86A6-7D1383994737}.Debug|Any CPU.Build.0 = Debug|Any CPU
		{B8866072-9E17-459A-86A6-7D1383994737}.Release|Any CPU.ActiveCfg = Release|Any CPU
		{B8866072-9E17-459A-86A6-7D1383994737}.Release|Any CPU.Build.0 = Release|Any CPU
		{8B740699-E4C7-4B27-B2E3-5F9C89E2150D}.Debug|Any CPU.ActiveCfg = Debug|Any CPU
		{8B740699-E4C7-4B27-B2E3-5F9C89E2150D}.Debug|Any CPU.Build.0 = Debug|Any CPU
		{8B740699-E4C7-4B27-B2E3-5F9C89E2150D}.Release|Any CPU.ActiveCfg = Release|Any CPU
		{8B740699-E4C7-4B27-B2E3-5F9C89E2150D}.Release|Any CPU.Build.0 = Release|Any CPU
		{B94D0A25-5415-4673-A027-5EC350664391}.Debug|Any CPU.ActiveCfg = Debug|Any CPU
		{B94D0A25-5415-4673-A027-5EC350664391}.Debug|Any CPU.Build.0 = Debug|Any CPU
		{B94D0A25-5415-4673-A027-5EC350664391}.Release|Any CPU.ActiveCfg = Release|Any CPU
		{B94D0A25-5415-4673-A027-5EC350664391}.Release|Any CPU.Build.0 = Release|Any CPU
		{2D6C30F2-A98C-455B-B5FD-19D90C4F53F4}.Debug|Any CPU.ActiveCfg = Debug|Any CPU
		{2D6C30F2-A98C-455B-B5FD-19D90C4F53F4}.Debug|Any CPU.Build.0 = Debug|Any CPU
		{2D6C30F2-A98C-455B-B5FD-19D90C4F53F4}.Release|Any CPU.ActiveCfg = Release|Any CPU
		{2D6C30F2-A98C-455B-B5FD-19D90C4F53F4}.Release|Any CPU.Build.0 = Release|Any CPU
		{17B4FDDA-3BF7-42FD-B301-B170D7CCF131}.Debug|Any CPU.ActiveCfg = Debug|Any CPU
		{17B4FDDA-3BF7-42FD-B301-B170D7CCF131}.Debug|Any CPU.Build.0 = Debug|Any CPU
		{17B4FDDA-3BF7-42FD-B301-B170D7CCF131}.Release|Any CPU.ActiveCfg = Release|Any CPU
		{17B4FDDA-3BF7-42FD-B301-B170D7CCF131}.Release|Any CPU.Build.0 = Release|Any CPU
		{ECFE66DE-41DC-4179-935C-4F6EBD3602C3}.Debug|Any CPU.ActiveCfg = Debug|Any CPU
		{ECFE66DE-41DC-4179-935C-4F6EBD3602C3}.Debug|Any CPU.Build.0 = Debug|Any CPU
		{ECFE66DE-41DC-4179-935C-4F6EBD3602C3}.Release|Any CPU.ActiveCfg = Release|Any CPU
		{ECFE66DE-41DC-4179-935C-4F6EBD3602C3}.Release|Any CPU.Build.0 = Release|Any CPU
		{828F89E1-7A0B-4AEB-ACEC-632BBC507D09}.Debug|Any CPU.ActiveCfg = Debug|Any CPU
		{828F89E1-7A0B-4AEB-ACEC-632BBC507D09}.Debug|Any CPU.Build.0 = Debug|Any CPU
		{828F89E1-7A0B-4AEB-ACEC-632BBC507D09}.Release|Any CPU.ActiveCfg = Release|Any CPU
		{828F89E1-7A0B-4AEB-ACEC-632BBC507D09}.Release|Any CPU.Build.0 = Release|Any CPU
		{AB12E76A-3676-4794-B9D3-DA322E70E874}.Debug|Any CPU.ActiveCfg = Debug|Any CPU
		{AB12E76A-3676-4794-B9D3-DA322E70E874}.Debug|Any CPU.Build.0 = Debug|Any CPU
		{AB12E76A-3676-4794-B9D3-DA322E70E874}.Release|Any CPU.ActiveCfg = Release|Any CPU
		{AB12E76A-3676-4794-B9D3-DA322E70E874}.Release|Any CPU.Build.0 = Release|Any CPU
	EndGlobalSection
	GlobalSection(SolutionProperties) = preSolution
		HideSolutionNode = FALSE
	EndGlobalSection
	GlobalSection(NestedProjects) = preSolution
		{926803A3-67CA-49FF-ABCF-82D6F8BE9BB8} = {13A07EC4-6529-45D7-B636-4AA32ED424A6}
		{B854672A-7F0D-46E8-ABE3-FF063077B527} = {13A07EC4-6529-45D7-B636-4AA32ED424A6}
		{EDAE5460-6089-4AFC-9705-AF350FEC14C0} = {13A07EC4-6529-45D7-B636-4AA32ED424A6}
		{C4C5372C-378A-4EE9-A33C-CF29A14591FF} = {13A07EC4-6529-45D7-B636-4AA32ED424A6}
		{1664A9EE-8B5B-4B52-AF8B-1D9456E5A01C} = {13A07EC4-6529-45D7-B636-4AA32ED424A6}
		{B8866072-9E17-459A-86A6-7D1383994737} = {13A07EC4-6529-45D7-B636-4AA32ED424A6}
		{8B740699-E4C7-4B27-B2E3-5F9C89E2150D} = {13A07EC4-6529-45D7-B636-4AA32ED424A6}
		{B94D0A25-5415-4673-A027-5EC350664391} = {13A07EC4-6529-45D7-B636-4AA32ED424A6}
		{2D6C30F2-A98C-455B-B5FD-19D90C4F53F4} = {13A07EC4-6529-45D7-B636-4AA32ED424A6}
		{17B4FDDA-3BF7-42FD-B301-B170D7CCF131} = {13A07EC4-6529-45D7-B636-4AA32ED424A6}
		{ECFE66DE-41DC-4179-935C-4F6EBD3602C3} = {13A07EC4-6529-45D7-B636-4AA32ED424A6}
		{828F89E1-7A0B-4AEB-ACEC-632BBC507D09} = {13A07EC4-6529-45D7-B636-4AA32ED424A6}
	EndGlobalSection
	GlobalSection(ExtensibilityGlobals) = postSolution
		SolutionGuid = {F96F3172-2B2A-41DC-8B8A-548D29472188}
	EndGlobalSection
EndGlobal
