
Microsoft Visual Studio Solution File, Format Version 12.00
# Visual Studio Version 17
VisualStudioVersion = 17.11.35312.102
MinimumVisualStudioVersion = 10.0.40219.1
Project("{FAE04EC0-301F-11D3-BF4B-00C04F79EFBC}") = "odev1", "odev1\odev1.csproj", "{7109D440-5DF5-4E7A-8DAC-49FDD081BDAF}"
EndProject
Global
	GlobalSection(SolutionConfigurationPlatforms) = preSolution
		Debug|Any CPU = Debug|Any CPU
		Release|Any CPU = Release|Any CPU
	EndGlobalSection
	GlobalSection(ProjectConfigurationPlatforms) = postSolution
		{7109D440-5DF5-4E7A-8DAC-49FDD081BDAF}.Debug|Any CPU.ActiveCfg = Debug|Any CPU
		{7109D440-5DF5-4E7A-8DAC-49FDD081BDAF}.Debug|Any CPU.Build.0 = Debug|Any CPU
		{7109D440-5DF5-4E7A-8DAC-49FDD081BDAF}.Release|Any CPU.ActiveCfg = Release|Any CPU
		{7109D440-5DF5-4E7A-8DAC-49FDD081BDAF}.Release|Any CPU.Build.0 = Release|Any CPU
	EndGlobalSection
	GlobalSection(SolutionProperties) = preSolution
		HideSolutionNode = FALSE
	EndGlobalSection
	GlobalSection(ExtensibilityGlobals) = postSolution
		SolutionGuid = {5DD6DA95-739C-4CBC-9C5F-8B37D13CF9CF}
	EndGlobalSection
EndGlobal
