
Microsoft Visual Studio Solution File, Format Version 12.00
# Visual Studio Version 17
VisualStudioVersion = 17.11.35327.3
MinimumVisualStudioVersion = 10.0.40219.1
Project("{FAE04EC0-301F-11D3-BF4B-00C04F79EFBC}") = "MinimalOrnek", "MinimalOrnek\MinimalOrnek.csproj", "{0F12CC6B-FDE5-4AF6-92DB-B620182B37E9}"
EndProject
Global
	GlobalSection(SolutionConfigurationPlatforms) = preSolution
		Debug|Any CPU = Debug|Any CPU
		Release|Any CPU = Release|Any CPU
	EndGlobalSection
	GlobalSection(ProjectConfigurationPlatforms) = postSolution
		{0F12CC6B-FDE5-4AF6-92DB-B620182B37E9}.Debug|Any CPU.ActiveCfg = Debug|Any CPU
		{0F12CC6B-FDE5-4AF6-92DB-B620182B37E9}.Debug|Any CPU.Build.0 = Debug|Any CPU
		{0F12CC6B-FDE5-4AF6-92DB-B620182B37E9}.Release|Any CPU.ActiveCfg = Release|Any CPU
		{0F12CC6B-FDE5-4AF6-92DB-B620182B37E9}.Release|Any CPU.Build.0 = Release|Any CPU
	EndGlobalSection
	GlobalSection(SolutionProperties) = preSolution
		HideSolutionNode = FALSE
	EndGlobalSection
	GlobalSection(ExtensibilityGlobals) = postSolution
		SolutionGuid = {B051D1F5-97B9-41C6-98EE-1228D49339CD}
	EndGlobalSection
EndGlobal
