
Microsoft Visual Studio Solution File, Format Version 12.00
# Visual Studio Version 17
VisualStudioVersion = 17.11.35327.3
MinimumVisualStudioVersion = 10.0.40219.1
Project("{FAE04EC0-301F-11D3-BF4B-00C04F79EFBC}") = "APIProjectStructureV", "APIProjectStructureV\APIProjectStructureV.csproj", "{A88A1FD5-B976-4C14-98AD-6F18B4D8878A}"
EndProject
Project("{FAE04EC0-301F-11D3-BF4B-00C04F79EFBC}") = "WebApplication1WithuseController", "WebApplication1WithuseController\WebApplication1WithuseController.csproj", "{A0BE4C16-6DE1-4479-BD21-D5E34BB0CBB3}"
EndProject
Global
	GlobalSection(SolutionConfigurationPlatforms) = preSolution
		Debug|Any CPU = Debug|Any CPU
		Release|Any CPU = Release|Any CPU
	EndGlobalSection
	GlobalSection(ProjectConfigurationPlatforms) = postSolution
		{A88A1FD5-B976-4C14-98AD-6F18B4D8878A}.Debug|Any CPU.ActiveCfg = Debug|Any CPU
		{A88A1FD5-B976-4C14-98AD-6F18B4D8878A}.Debug|Any CPU.Build.0 = Debug|Any CPU
		{A88A1FD5-B976-4C14-98AD-6F18B4D8878A}.Release|Any CPU.ActiveCfg = Release|Any CPU
		{A88A1FD5-B976-4C14-98AD-6F18B4D8878A}.Release|Any CPU.Build.0 = Release|Any CPU
		{A0BE4C16-6DE1-4479-BD21-D5E34BB0CBB3}.Debug|Any CPU.ActiveCfg = Debug|Any CPU
		{A0BE4C16-6DE1-4479-BD21-D5E34BB0CBB3}.Debug|Any CPU.Build.0 = Debug|Any CPU
		{A0BE4C16-6DE1-4479-BD21-D5E34BB0CBB3}.Release|Any CPU.ActiveCfg = Release|Any CPU
		{A0BE4C16-6DE1-4479-BD21-D5E34BB0CBB3}.Release|Any CPU.Build.0 = Release|Any CPU
	EndGlobalSection
	GlobalSection(SolutionProperties) = preSolution
		HideSolutionNode = FALSE
	EndGlobalSection
	GlobalSection(ExtensibilityGlobals) = postSolution
		SolutionGuid = {4807511A-A19A-4BEB-A41D-95BC4A67690A}
	EndGlobalSection
EndGlobal
