
Microsoft Visual Studio Solution File, Format Version 12.00
# Visual Studio Version 17
VisualStudioVersion = 17.11.35327.3
MinimumVisualStudioVersion = 10.0.40219.1
Project("{FAE04EC0-301F-11D3-BF4B-00C04F79EFBC}") = "FirstApiProjectV", "FirstApiProjectV\FirstApiProjectV.csproj", "{EDFED4CB-4EF7-4E00-B215-5DDA902BFF14}"
EndProject
Global
	GlobalSection(SolutionConfigurationPlatforms) = preSolution
		Debug|Any CPU = Debug|Any CPU
		Release|Any CPU = Release|Any CPU
	EndGlobalSection
	GlobalSection(ProjectConfigurationPlatforms) = postSolution
		{EDFED4CB-4EF7-4E00-B215-5DDA902BFF14}.Debug|Any CPU.ActiveCfg = Debug|Any CPU
		{EDFED4CB-4EF7-4E00-B215-5DDA902BFF14}.Debug|Any CPU.Build.0 = Debug|Any CPU
		{EDFED4CB-4EF7-4E00-B215-5DDA902BFF14}.Release|Any CPU.ActiveCfg = Release|Any CPU
		{EDFED4CB-4EF7-4E00-B215-5DDA902BFF14}.Release|Any CPU.Build.0 = Release|Any CPU
	EndGlobalSection
	GlobalSection(SolutionProperties) = preSolution
		HideSolutionNode = FALSE
	EndGlobalSection
	GlobalSection(ExtensibilityGlobals) = postSolution
		SolutionGuid = {A1F98CA8-75FF-4F06-B471-1871EC562B49}
	EndGlobalSection
EndGlobal
